
Microsoft Visual Studio Solution File, Format Version 12.00
# Visual Studio 15
Project("{FAE04EC0-301F-11D3-BF4B-00C04F79EFBC}") = "UnityEngine.TestRunner", "UnityEngine.TestRunner.csproj", "{40651EEF-7354-DE15-E526-66BE3345F82E}"
EndProject
Project("{FAE04EC0-301F-11D3-BF4B-00C04F79EFBC}") = "Unity.Timeline", "Unity.Timeline.csproj", "{E4565453-ADB9-87E8-5A1C-65498180A2E4}"
EndProject
Project("{FAE04EC0-301F-11D3-BF4B-00C04F79EFBC}") = "UnityEngine.UI", "UnityEngine.UI.csproj", "{08A56319-64A1-8446-0F9B-C91A6EEE6CF8}"
EndProject
Project("{FAE04EC0-301F-11D3-BF4B-00C04F79EFBC}") = "Unity.TextMeshPro", "Unity.TextMeshPro.csproj", "{81F7C389-E9E5-635E-2939-38897CB5A1CB}"
EndProject
Project("{FAE04EC0-301F-11D3-BF4B-00C04F79EFBC}") = "UnityEditor.TestRunner", "UnityEditor.TestRunner.csproj", "{B4365C1B-12CB-DE53-381B-473368B97B86}"
EndProject
Project("{FAE04EC0-301F-11D3-BF4B-00C04F79EFBC}") = "Unity.PlasticSCM.Editor", "Unity.PlasticSCM.Editor.csproj", "{00D0B3EC-69D6-4677-E29E-197DA3BB1242}"
EndProject
Project("{FAE04EC0-301F-11D3-BF4B-00C04F79EFBC}") = "UnityEditor.UI", "UnityEditor.UI.csproj", "{E8617714-AA70-CB67-0684-1129915B8117}"
EndProject
Project("{FAE04EC0-301F-11D3-BF4B-00C04F79EFBC}") = "Unity.Services.Core.Editor", "Unity.Services.Core.Editor.csproj", "{3AB6BA60-7247-CF51-4D18-2D17013D0A78}"
EndProject
Project("{FAE04EC0-301F-11D3-BF4B-00C04F79EFBC}") = "Unity.Timeline.Editor", "Unity.Timeline.Editor.csproj", "{5AF3F28F-EB7D-4AD2-D02B-EDDDBD0C775B}"
EndProject
Project("{FAE04EC0-301F-11D3-BF4B-00C04F79EFBC}") = "Unity.VisualStudio.Editor", "Unity.VisualStudio.Editor.csproj", "{0DAD9DB0-4486-78A0-89F8-7E59FB41A593}"
EndProject
Project("{FAE04EC0-301F-11D3-BF4B-00C04F79EFBC}") = "Unity.TextMeshPro.Editor", "Unity.TextMeshPro.Editor.csproj", "{9040E22D-649A-FB2E-E040-17B1F1B98783}"
EndProject
Project("{FAE04EC0-301F-11D3-BF4B-00C04F79EFBC}") = "Unity.CollabProxy.Editor", "Unity.CollabProxy.Editor.csproj", "{D0099FC1-BB5D-5676-463E-A6F9E7B1E163}"
EndProject
Project("{FAE04EC0-301F-11D3-BF4B-00C04F79EFBC}") = "Unity.Rider.Editor", "Unity.Rider.Editor.csproj", "{1421A374-5E6B-445C-C9A9-D7FD2874A29B}"
EndProject
Project("{FAE04EC0-301F-11D3-BF4B-00C04F79EFBC}") = "Unity.VSCode.Editor", "Unity.VSCode.Editor.csproj", "{4124527F-2A8B-BD1C-7280-DEB2801036C1}"
EndProject
Project("{FAE04EC0-301F-11D3-BF4B-00C04F79EFBC}") = "UnityEngine.TestRunner", "UnityEngine.TestRunner.Player.csproj", "{C3E36699-1D93-30F9-84EE-1B1C53E3D6F8}"
EndProject
Project("{FAE04EC0-301F-11D3-BF4B-00C04F79EFBC}") = "Unity.Timeline", "Unity.Timeline.Player.csproj", "{4AFDEFCE-3762-4018-E0B5-1E5013B3DF3D}"
EndProject
Project("{FAE04EC0-301F-11D3-BF4B-00C04F79EFBC}") = "UnityEngine.UI", "UnityEngine.UI.Player.csproj", "{94C32CC8-83A3-8731-B972-53F63CD75A57}"
EndProject
Project("{FAE04EC0-301F-11D3-BF4B-00C04F79EFBC}") = "Unity.TextMeshPro", "Unity.TextMeshPro.Player.csproj", "{659D1235-3CE2-9117-D604-B2F64E089E1F}"
EndProject
Global
	GlobalSection(SolutionConfigurationPlatforms) = preSolution
		Debug|Any CPU = Debug|Any CPU
		Release|Any CPU = Release|Any CPU
	EndGlobalSection
	GlobalSection(ProjectConfigurationPlatforms) = postSolution
		{40651EEF-7354-DE15-E526-66BE3345F82E}.Debug|Any CPU.ActiveCfg = Debug|Any CPU
		{40651EEF-7354-DE15-E526-66BE3345F82E}.Debug|Any CPU.Build.0 = Debug|Any CPU
		{40651EEF-7354-DE15-E526-66BE3345F82E}.Release|Any CPU.ActiveCfg = Release|Any CPU
		{40651EEF-7354-DE15-E526-66BE3345F82E}.Release|Any CPU.Build.0 = Release|Any CPU
		{E4565453-ADB9-87E8-5A1C-65498180A2E4}.Debug|Any CPU.ActiveCfg = Debug|Any CPU
		{E4565453-ADB9-87E8-5A1C-65498180A2E4}.Debug|Any CPU.Build.0 = Debug|Any CPU
		{E4565453-ADB9-87E8-5A1C-65498180A2E4}.Release|Any CPU.ActiveCfg = Release|Any CPU
		{E4565453-ADB9-87E8-5A1C-65498180A2E4}.Release|Any CPU.Build.0 = Release|Any CPU
		{08A56319-64A1-8446-0F9B-C91A6EEE6CF8}.Debug|Any CPU.ActiveCfg = Debug|Any CPU
		{08A56319-64A1-8446-0F9B-C91A6EEE6CF8}.Debug|Any CPU.Build.0 = Debug|Any CPU
		{08A56319-64A1-8446-0F9B-C91A6EEE6CF8}.Release|Any CPU.ActiveCfg = Release|Any CPU
		{08A56319-64A1-8446-0F9B-C91A6EEE6CF8}.Release|Any CPU.Build.0 = Release|Any CPU
		{81F7C389-E9E5-635E-2939-38897CB5A1CB}.Debug|Any CPU.ActiveCfg = Debug|Any CPU
		{81F7C389-E9E5-635E-2939-38897CB5A1CB}.Debug|Any CPU.Build.0 = Debug|Any CPU
		{81F7C389-E9E5-635E-2939-38897CB5A1CB}.Release|Any CPU.ActiveCfg = Release|Any CPU
		{81F7C389-E9E5-635E-2939-38897CB5A1CB}.Release|Any CPU.Build.0 = Release|Any CPU
		{B4365C1B-12CB-DE53-381B-473368B97B86}.Debug|Any CPU.ActiveCfg = Debug|Any CPU
		{B4365C1B-12CB-DE53-381B-473368B97B86}.Debug|Any CPU.Build.0 = Debug|Any CPU
		{B4365C1B-12CB-DE53-381B-473368B97B86}.Release|Any CPU.ActiveCfg = Release|Any CPU
		{B4365C1B-12CB-DE53-381B-473368B97B86}.Release|Any CPU.Build.0 = Release|Any CPU
		{00D0B3EC-69D6-4677-E29E-197DA3BB1242}.Debug|Any CPU.ActiveCfg = Debug|Any CPU
		{00D0B3EC-69D6-4677-E29E-197DA3BB1242}.Debug|Any CPU.Build.0 = Debug|Any CPU
		{00D0B3EC-69D6-4677-E29E-197DA3BB1242}.Release|Any CPU.ActiveCfg = Release|Any CPU
		{00D0B3EC-69D6-4677-E29E-197DA3BB1242}.Release|Any CPU.Build.0 = Release|Any CPU
		{E8617714-AA70-CB67-0684-1129915B8117}.Debug|Any CPU.ActiveCfg = Debug|Any CPU
		{E8617714-AA70-CB67-0684-1129915B8117}.Debug|Any CPU.Build.0 = Debug|Any CPU
		{E8617714-AA70-CB67-0684-1129915B8117}.Release|Any CPU.ActiveCfg = Release|Any CPU
		{E8617714-AA70-CB67-0684-1129915B8117}.Release|Any CPU.Build.0 = Release|Any CPU
		{3AB6BA60-7247-CF51-4D18-2D17013D0A78}.Debug|Any CPU.ActiveCfg = Debug|Any CPU
		{3AB6BA60-7247-CF51-4D18-2D17013D0A78}.Debug|Any CPU.Build.0 = Debug|Any CPU
		{3AB6BA60-7247-CF51-4D18-2D17013D0A78}.Release|Any CPU.ActiveCfg = Release|Any CPU
		{3AB6BA60-7247-CF51-4D18-2D17013D0A78}.Release|Any CPU.Build.0 = Release|Any CPU
		{5AF3F28F-EB7D-4AD2-D02B-EDDDBD0C775B}.Debug|Any CPU.ActiveCfg = Debug|Any CPU
		{5AF3F28F-EB7D-4AD2-D02B-EDDDBD0C775B}.Debug|Any CPU.Build.0 = Debug|Any CPU
		{5AF3F28F-EB7D-4AD2-D02B-EDDDBD0C775B}.Release|Any CPU.ActiveCfg = Release|Any CPU
		{5AF3F28F-EB7D-4AD2-D02B-EDDDBD0C775B}.Release|Any CPU.Build.0 = Release|Any CPU
		{0DAD9DB0-4486-78A0-89F8-7E59FB41A593}.Debug|Any CPU.ActiveCfg = Debug|Any CPU
		{0DAD9DB0-4486-78A0-89F8-7E59FB41A593}.Debug|Any CPU.Build.0 = Debug|Any CPU
		{0DAD9DB0-4486-78A0-89F8-7E59FB41A593}.Release|Any CPU.ActiveCfg = Release|Any CPU
		{0DAD9DB0-4486-78A0-89F8-7E59FB41A593}.Release|Any CPU.Build.0 = Release|Any CPU
		{9040E22D-649A-FB2E-E040-17B1F1B98783}.Debug|Any CPU.ActiveCfg = Debug|Any CPU
		{9040E22D-649A-FB2E-E040-17B1F1B98783}.Debug|Any CPU.Build.0 = Debug|Any CPU
		{9040E22D-649A-FB2E-E040-17B1F1B98783}.Release|Any CPU.ActiveCfg = Release|Any CPU
		{9040E22D-649A-FB2E-E040-17B1F1B98783}.Release|Any CPU.Build.0 = Release|Any CPU
		{D0099FC1-BB5D-5676-463E-A6F9E7B1E163}.Debug|Any CPU.ActiveCfg = Debug|Any CPU
		{D0099FC1-BB5D-5676-463E-A6F9E7B1E163}.Debug|Any CPU.Build.0 = Debug|Any CPU
		{D0099FC1-BB5D-5676-463E-A6F9E7B1E163}.Release|Any CPU.ActiveCfg = Release|Any CPU
		{D0099FC1-BB5D-5676-463E-A6F9E7B1E163}.Release|Any CPU.Build.0 = Release|Any CPU
		{1421A374-5E6B-445C-C9A9-D7FD2874A29B}.Debug|Any CPU.ActiveCfg = Debug|Any CPU
		{1421A374-5E6B-445C-C9A9-D7FD2874A29B}.Debug|Any CPU.Build.0 = Debug|Any CPU
		{1421A374-5E6B-445C-C9A9-D7FD2874A29B}.Release|Any CPU.ActiveCfg = Release|Any CPU
		{1421A374-5E6B-445C-C9A9-D7FD2874A29B}.Release|Any CPU.Build.0 = Release|Any CPU
		{4124527F-2A8B-BD1C-7280-DEB2801036C1}.Debug|Any CPU.ActiveCfg = Debug|Any CPU
		{4124527F-2A8B-BD1C-7280-DEB2801036C1}.Debug|Any CPU.Build.0 = Debug|Any CPU
		{4124527F-2A8B-BD1C-7280-DEB2801036C1}.Release|Any CPU.ActiveCfg = Release|Any CPU
		{4124527F-2A8B-BD1C-7280-DEB2801036C1}.Release|Any CPU.Build.0 = Release|Any CPU
		{C3E36699-1D93-30F9-84EE-1B1C53E3D6F8}.Debug|Any CPU.ActiveCfg = Debug|Any CPU
		{C3E36699-1D93-30F9-84EE-1B1C53E3D6F8}.Debug|Any CPU.Build.0 = Debug|Any CPU
		{C3E36699-1D93-30F9-84EE-1B1C53E3D6F8}.Release|Any CPU.ActiveCfg = Release|Any CPU
		{C3E36699-1D93-30F9-84EE-1B1C53E3D6F8}.Release|Any CPU.Build.0 = Release|Any CPU
		{4AFDEFCE-3762-4018-E0B5-1E5013B3DF3D}.Debug|Any CPU.ActiveCfg = Debug|Any CPU
		{4AFDEFCE-3762-4018-E0B5-1E5013B3DF3D}.Debug|Any CPU.Build.0 = Debug|Any CPU
		{4AFDEFCE-3762-4018-E0B5-1E5013B3DF3D}.Release|Any CPU.ActiveCfg = Release|Any CPU
		{4AFDEFCE-3762-4018-E0B5-1E5013B3DF3D}.Release|Any CPU.Build.0 = Release|Any CPU
		{94C32CC8-83A3-8731-B972-53F63CD75A57}.Debug|Any CPU.ActiveCfg = Debug|Any CPU
		{94C32CC8-83A3-8731-B972-53F63CD75A57}.Debug|Any CPU.Build.0 = Debug|Any CPU
		{94C32CC8-83A3-8731-B972-53F63CD75A57}.Release|Any CPU.ActiveCfg = Release|Any CPU
		{94C32CC8-83A3-8731-B972-53F63CD75A57}.Release|Any CPU.Build.0 = Release|Any CPU
		{659D1235-3CE2-9117-D604-B2F64E089E1F}.Debug|Any CPU.ActiveCfg = Debug|Any CPU
		{659D1235-3CE2-9117-D604-B2F64E089E1F}.Debug|Any CPU.Build.0 = Debug|Any CPU
		{659D1235-3CE2-9117-D604-B2F64E089E1F}.Release|Any CPU.ActiveCfg = Release|Any CPU
		{659D1235-3CE2-9117-D604-B2F64E089E1F}.Release|Any CPU.Build.0 = Release|Any CPU
	EndGlobalSection
	GlobalSection(SolutionProperties) = preSolution
		HideSolutionNode = FALSE
	EndGlobalSection
EndGlobal
